// !$*UTF8*$!
{
	archiveVersion = 1;
	classes = {
	};
	objectVersion = 55;
	objects = {

/* Begin PBXBuildFile section */
		F013F4DD2BAC660100CB3F08 /* AppDelegate.swift in Sources */ = {isa = PBXBuildFile; fileRef = F013F4DC2BAC660100CB3F08 /* AppDelegate.swift */; };
		F013F4DF2BAC660100CB3F08 /* SceneDelegate.swift in Sources */ = {isa = PBXBuildFile; fileRef = F013F4DE2BAC660100CB3F08 /* SceneDelegate.swift */; };
		F013F4E12BAC660200CB3F08 /* LoginViewController.swift in Sources */ = {isa = PBXBuildFile; fileRef = F013F4E02BAC660200CB3F08 /* LoginViewController.swift */; };
		F013F4E42BAC660200CB3F08 /* Main.storyboard in Resources */ = {isa = PBXBuildFile; fileRef = F013F4E22BAC660200CB3F08 /* Main.storyboard */; };
		F013F4E62BAC661F00CB3F08 /* Assets.xcassets in Resources */ = {isa = PBXBuildFile; fileRef = F013F4E52BAC661F00CB3F08 /* Assets.xcassets */; };
		F013F4E92BAC661F00CB3F08 /* LaunchScreen.storyboard in Resources */ = {isa = PBXBuildFile; fileRef = F013F4E72BAC661F00CB3F08 /* LaunchScreen.storyboard */; };
		F094FDCF2BAC7C4A00B8B38D /* TableViewCell.swift in Sources */ = {isa = PBXBuildFile; fileRef = F094FDCE2BAC7C4A00B8B38D /* TableViewCell.swift */; };
		F094FDD12BAC7D4B00B8B38D /* ListViewController.swift in Sources */ = {isa = PBXBuildFile; fileRef = F094FDD02BAC7D4B00B8B38D /* ListViewController.swift */; };
		F094FDD62BAC8ABB00B8B38D /* login2.png in Resources */ = {isa = PBXBuildFile; fileRef = F094FDD22BAC8AB900B8B38D /* login2.png */; };
		F094FDD72BAC8ABB00B8B38D /* list.png in Resources */ = {isa = PBXBuildFile; fileRef = F094FDD32BAC8ABA00B8B38D /* list.png */; };
		F094FDD82BAC8ABB00B8B38D /* alert.png in Resources */ = {isa = PBXBuildFile; fileRef = F094FDD42BAC8ABA00B8B38D /* alert.png */; };
		F094FDD92BAC8ABB00B8B38D /* login1.png in Resources */ = {isa = PBXBuildFile; fileRef = F094FDD52BAC8ABB00B8B38D /* login1.png */; };
/* End PBXBuildFile section */

/* Begin PBXFileReference section */
		F013F4D92BAC660100CB3F08 /* DigitalFlake Demo.app */ = {isa = PBXFileReference; explicitFileType = wrapper.application; includeInIndex = 0; path = "DigitalFlake Demo.app"; sourceTree = BUILT_PRODUCTS_DIR; };
		F013F4DC2BAC660100CB3F08 /* AppDelegate.swift */ = {isa = PBXFileReference; lastKnownFileType = sourcecode.swift; path = AppDelegate.swift; sourceTree = "<group>"; };
		F013F4DE2BAC660100CB3F08 /* SceneDelegate.swift */ = {isa = PBXFileReference; lastKnownFileType = sourcecode.swift; path = SceneDelegate.swift; sourceTree = "<group>"; };
		F013F4E02BAC660200CB3F08 /* LoginViewController.swift */ = {isa = PBXFileReference; lastKnownFileType = sourcecode.swift; path = LoginViewController.swift; sourceTree = "<group>"; };
		F013F4E32BAC660200CB3F08 /* Base */ = {isa = PBXFileReference; lastKnownFileType = file.storyboard; name = Base; path = Base.lproj/Main.storyboard; sourceTree = "<group>"; };
		F013F4E52BAC661F00CB3F08 /* Assets.xcassets */ = {isa = PBXFileReference; lastKnownFileType = folder.assetcatalog; path = Assets.xcassets; sourceTree = "<group>"; };
		F013F4E82BAC661F00CB3F08 /* Base */ = {isa = PBXFileReference; lastKnownFileType = file.storyboard; name = Base; path = Base.lproj/LaunchScreen.storyboard; sourceTree = "<group>"; };
		F013F4EA2BAC661F00CB3F08 /* Info.plist */ = {isa = PBXFileReference; lastKnownFileType = text.plist.xml; path = Info.plist; sourceTree = "<group>"; };
		F094FDCE2BAC7C4A00B8B38D /* TableViewCell.swift */ = {isa = PBXFileReference; lastKnownFileType = sourcecode.swift; path = TableViewCell.swift; sourceTree = "<group>"; };
		F094FDD02BAC7D4B00B8B38D /* ListViewController.swift */ = {isa = PBXFileReference; lastKnownFileType = sourcecode.swift; path = ListViewController.swift; sourceTree = "<group>"; };
		F094FDD22BAC8AB900B8B38D /* login2.png */ = {isa = PBXFileReference; lastKnownFileType = image.png; path = login2.png; sourceTree = "<group>"; };
		F094FDD32BAC8ABA00B8B38D /* list.png */ = {isa = PBXFileReference; lastKnownFileType = image.png; path = list.png; sourceTree = "<group>"; };
		F094FDD42BAC8ABA00B8B38D /* alert.png */ = {isa = PBXFileReference; lastKnownFileType = image.png; path = alert.png; sourceTree = "<group>"; };
		F094FDD52BAC8ABB00B8B38D /* login1.png */ = {isa = PBXFileReference; lastKnownFileType = image.png; path = login1.png; sourceTree = "<group>"; };
/* End PBXFileReference section */

/* Begin PBXFrameworksBuildPhase section */
		F013F4D62BAC660100CB3F08 /* Frameworks */ = {
			isa = PBXFrameworksBuildPhase;
			buildActionMask = 2147483647;
			files = (
			);
			runOnlyForDeploymentPostprocessing = 0;
		};
/* End PBXFrameworksBuildPhase section */

/* Begin PBXGroup section */
		F013F4D02BAC660100CB3F08 = {
			isa = PBXGroup;
			children = (
				F013F4DB2BAC660100CB3F08 /* DigitalFlake Demo */,
				F013F4DA2BAC660100CB3F08 /* Products */,
			);
			sourceTree = "<group>";
		};
		F013F4DA2BAC660100CB3F08 /* Products */ = {
			isa = PBXGroup;
			children = (
				F013F4D92BAC660100CB3F08 /* DigitalFlake Demo.app */,
			);
			name = Products;
			sourceTree = "<group>";
		};
		F013F4DB2BAC660100CB3F08 /* DigitalFlake Demo */ = {
			isa = PBXGroup;
			children = (
				F094FDDB2BAC8AFD00B8B38D /* screenshots */,
				F013F4DC2BAC660100CB3F08 /* AppDelegate.swift */,
				F013F4DE2BAC660100CB3F08 /* SceneDelegate.swift */,
				F013F4E02BAC660200CB3F08 /* LoginViewController.swift */,
				F094FDD02BAC7D4B00B8B38D /* ListViewController.swift */,
				F094FDCE2BAC7C4A00B8B38D /* TableViewCell.swift */,
				F013F4E22BAC660200CB3F08 /* Main.storyboard */,
				F013F4E52BAC661F00CB3F08 /* Assets.xcassets */,
				F013F4E72BAC661F00CB3F08 /* LaunchScreen.storyboard */,
				F013F4EA2BAC661F00CB3F08 /* Info.plist */,
			);
			path = "DigitalFlake Demo";
			sourceTree = "<group>";
		};
		F094FDDB2BAC8AFD00B8B38D /* screenshots */ = {
			isa = PBXGroup;
			children = (
				F094FDD42BAC8ABA00B8B38D /* alert.png */,
				F094FDD32BAC8ABA00B8B38D /* list.png */,
				F094FDD52BAC8ABB00B8B38D /* login1.png */,
				F094FDD22BAC8AB900B8B38D /* login2.png */,
			);
			path = screenshots;
			sourceTree = "<group>";
		};
/* End PBXGroup section */

/* Begin PBXNativeTarget section */
		F013F4D82BAC660100CB3F08 /* DigitalFlake Demo */ = {
			isa = PBXNativeTarget;
			buildConfigurationList = F013F4ED2BAC661F00CB3F08 /* Build configuration list for PBXNativeTarget "DigitalFlake Demo" */;
			buildPhases = (
				F013F4D52BAC660100CB3F08 /* Sources */,
				F013F4D62BAC660100CB3F08 /* Frameworks */,
				F013F4D72BAC660100CB3F08 /* Resources */,
			);
			buildRules = (
			);
			dependencies = (
			);
			name = "DigitalFlake Demo";
			productName = "DigitalFlake Demo";
			productReference = F013F4D92BAC660100CB3F08 /* DigitalFlake Demo.app */;
			productType = "com.apple.product-type.application";
		};
/* End PBXNativeTarget section */

/* Begin PBXProject section */
		F013F4D12BAC660100CB3F08 /* Project object */ = {
			isa = PBXProject;
			attributes = {
				BuildIndependentTargetsInParallel = 1;
				LastSwiftUpdateCheck = 1320;
				LastUpgradeCheck = 1320;
				TargetAttributes = {
					F013F4D82BAC660100CB3F08 = {
						CreatedOnToolsVersion = 13.2.1;
					};
				};
			};
			buildConfigurationList = F013F4D42BAC660100CB3F08 /* Build configuration list for PBXProject "DigitalFlake Demo" */;
			compatibilityVersion = "Xcode 13.0";
			developmentRegion = en;
			hasScannedForEncodings = 0;
			knownRegions = (
				en,
				Base,
			);
			mainGroup = F013F4D02BAC660100CB3F08;
			productRefGroup = F013F4DA2BAC660100CB3F08 /* Products */;
			projectDirPath = "";
			projectRoot = "";
			targets = (
				F013F4D82BAC660100CB3F08 /* DigitalFlake Demo */,
			);
		};
/* End PBXProject section */

/* Begin PBXResourcesBuildPhase section */
		F013F4D72BAC660100CB3F08 /* Resources */ = {
			isa = PBXResourcesBuildPhase;
			buildActionMask = 2147483647;
			files = (
				F094FDD62BAC8ABB00B8B38D /* login2.png in Resources */,
				F094FDD72BAC8ABB00B8B38D /* list.png in Resources */,
				F094FDD82BAC8ABB00B8B38D /* alert.png in Resources */,
				F013F4E92BAC661F00CB3F08 /* LaunchScreen.storyboard in Resources */,
				F013F4E62BAC661F00CB3F08 /* Assets.xcassets in Resources */,
				F094FDD92BAC8ABB00B8B38D /* login1.png in Resources */,
				F013F4E42BAC660200CB3F08 /* Main.storyboard in Resources */,
			);
			runOnlyForDeploymentPostprocessing = 0;
		};
/* End PBXResourcesBuildPhase section */

/* Begin PBXSourcesBuildPhase section */
		F013F4D52BAC660100CB3F08 /* Sources */ = {
			isa = PBXSourcesBuildPhase;
			buildActionMask = 2147483647;
			files = (
				F013F4E12BAC660200CB3F08 /* LoginViewController.swift in Sources */,
				F094FDCF2BAC7C4A00B8B38D /* TableViewCell.swift in Sources */,
				F013F4DD2BAC660100CB3F08 /* AppDelegate.swift in Sources */,
				F094FDD12BAC7D4B00B8B38D /* ListViewController.swift in Sources */,
				F013F4DF2BAC660100CB3F08 /* SceneDelegate.swift in Sources */,
			);
			runOnlyForDeploymentPostprocessing = 0;
		};
/* End PBXSourcesBuildPhase section */

/* Begin PBXVariantGroup section */
		F013F4E22BAC660200CB3F08 /* Main.storyboard */ = {
			isa = PBXVariantGroup;
			children = (
				F013F4E32BAC660200CB3F08 /* Base */,
			);
			name = Main.storyboard;
			sourceTree = "<group>";
		};
		F013F4E72BAC661F00CB3F08 /* LaunchScreen.storyboard */ = {
			isa = PBXVariantGroup;
			children = (
				F013F4E82BAC661F00CB3F08 /* Base */,
			);
			name = LaunchScreen.storyboard;
			sourceTree = "<group>";
		};
/* End PBXVariantGroup section */

/* Begin XCBuildConfiguration section */
		F013F4EB2BAC661F00CB3F08 /* Debug */ = {
			isa = XCBuildConfiguration;
			buildSettings = {
				ALWAYS_SEARCH_USER_PATHS = NO;
				CLANG_ANALYZER_NONNULL = YES;
				CLANG_ANALYZER_NUMBER_OBJECT_CONVERSION = YES_AGGRESSIVE;
				CLANG_CXX_LANGUAGE_STANDARD = "gnu++17";
				CLANG_CXX_LIBRARY = "libc++";
				CLANG_ENABLE_MODULES = YES;
				CLANG_ENABLE_OBJC_ARC = YES;
				CLANG_ENABLE_OBJC_WEAK = YES;
				CLANG_WARN_BLOCK_CAPTURE_AUTORELEASING = YES;
				CLANG_WARN_BOOL_CONVERSION = YES;
				CLANG_WARN_COMMA = YES;
				CLANG_WARN_CONSTANT_CONVERSION = YES;
				CLANG_WARN_DEPRECATED_OBJC_IMPLEMENTATIONS = YES;
				CLANG_WARN_DIRECT_OBJC_ISA_USAGE = YES_ERROR;
				CLANG_WARN_DOCUMENTATION_COMMENTS = YES;
				CLANG_WARN_EMPTY_BODY = YES;
				CLANG_WARN_ENUM_CONVERSION = YES;
				CLANG_WARN_INFINITE_RECURSION = YES;
				CLANG_WARN_INT_CONVERSION = YES;
				CLANG_WARN_NON_LITERAL_NULL_CONVERSION = YES;
				CLANG_WARN_OBJC_IMPLICIT_RETAIN_SELF = YES;
				CLANG_WARN_OBJC_LITERAL_CONVERSION = YES;
				CLANG_WARN_OBJC_ROOT_CLASS = YES_ERROR;
				CLANG_WARN_QUOTED_INCLUDE_IN_FRAMEWORK_HEADER = YES;
				CLANG_WARN_RANGE_LOOP_ANALYSIS = YES;
				CLANG_WARN_STRICT_PROTOTYPES = YES;
				CLANG_WARN_SUSPICIOUS_MOVE = YES;
				CLANG_WARN_UNGUARDED_AVAILABILITY = YES_AGGRESSIVE;
				CLANG_WARN_UNREACHABLE_CODE = YES;
				CLANG_WARN__DUPLICATE_METHOD_MATCH = YES;
				COPY_PHASE_STRIP = NO;
				DEBUG_INFORMATION_FORMAT = dwarf;
				ENABLE_STRICT_OBJC_MSGSEND = YES;
				ENABLE_TESTABILITY = YES;
				GCC_C_LANGUAGE_STANDARD = gnu11;
				GCC_DYNAMIC_NO_PIC = NO;
				GCC_NO_COMMON_BLOCKS = YES;
				GCC_OPTIMIZATION_LEVEL = 0;
				GCC_PREPROCESSOR_DEFINITIONS = (
					"DEBUG=1",
					"$(inherited)",
				);
				GCC_WARN_64_TO_32_BIT_CONVERSION = YES;
				GCC_WARN_ABOUT_RETURN_TYPE = YES_ERROR;
				GCC_WARN_UNDECLARED_SELECTOR = YES;
				GCC_WARN_UNINITIALIZED_AUTOS = YES_AGGRESSIVE;
				GCC_WARN_UNUSED_FUNCTION = YES;
				GCC_WARN_UNUSED_VARIABLE = YES;
				IPHONEOS_DEPLOYMENT_TARGET = 15.2;
				MTL_ENABLE_DEBUG_INFO = INCLUDE_SOURCE;
				MTL_FAST_MATH = YES;
				ONLY_ACTIVE_ARCH = YES;
				SDKROOT = iphoneos;
				SWIFT_ACTIVE_COMPILATION_CONDITIONS = DEBUG;
				SWIFT_OPTIMIZATION_LEVEL = "-Onone";
			};
			name = Debug;
		};
		F013F4EC2BAC661F00CB3F08 /* Release */ = {
			isa = XCBuildConfiguration;
			buildSettings = {
				ALWAYS_SEARCH_USER_PATHS = NO;
				CLANG_ANALYZER_NONNULL = YES;
				CLANG_ANALYZER_NUMBER_OBJECT_CONVERSION = YES_AGGRESSIVE;
				CLANG_CXX_LANGUAGE_STANDARD = "gnu++17";
				CLANG_CXX_LIBRARY = "libc++";
				CLANG_ENABLE_MODULES = YES;
				CLANG_ENABLE_OBJC_ARC = YES;
				CLANG_ENABLE_OBJC_WEAK = YES;
				CLANG_WARN_BLOCK_CAPTURE_AUTORELEASING = YES;
				CLANG_WARN_BOOL_CONVERSION = YES;
				CLANG_WARN_COMMA = YES;
				CLANG_WARN_CONSTANT_CONVERSION = YES;
				CLANG_WARN_DEPRECATED_OBJC_IMPLEMENTATIONS = YES;
				CLANG_WARN_DIRECT_OBJC_ISA_USAGE = YES_ERROR;
				CLANG_WARN_DOCUMENTATION_COMMENTS = YES;
				CLANG_WARN_EMPTY_BODY = YES;
				CLANG_WARN_ENUM_CONVERSION = YES;
				CLANG_WARN_INFINITE_RECURSION = YES;
				CLANG_WARN_INT_CONVERSION = YES;
				CLANG_WARN_NON_LITERAL_NULL_CONVERSION = YES;
				CLANG_WARN_OBJC_IMPLICIT_RETAIN_SELF = YES;
				CLANG_WARN_OBJC_LITERAL_CONVERSION = YES;
				CLANG_WARN_OBJC_ROOT_CLASS = YES_ERROR;
				CLANG_WARN_QUOTED_INCLUDE_IN_FRAMEWORK_HEADER = YES;
				CLANG_WARN_RANGE_LOOP_ANALYSIS = YES;
				CLANG_WARN_STRICT_PROTOTYPES = YES;
				CLANG_WARN_SUSPICIOUS_MOVE = YES;
				CLANG_WARN_UNGUARDED_AVAILABILITY = YES_AGGRESSIVE;
				CLANG_WARN_UNREACHABLE_CODE = YES;
				CLANG_WARN__DUPLICATE_METHOD_MATCH = YES;
				COPY_PHASE_STRIP = NO;
				DEBUG_INFORMATION_FORMAT = "dwarf-with-dsym";
				ENABLE_NS_ASSERTIONS = NO;
				ENABLE_STRICT_OBJC_MSGSEND = YES;
				GCC_C_LANGUAGE_STANDARD = gnu11;
				GCC_NO_COMMON_BLOCKS = YES;
				GCC_WARN_64_TO_32_BIT_CONVERSION = YES;
				GCC_WARN_ABOUT_RETURN_TYPE = YES_ERROR;
				GCC_WARN_UNDECLARED_SELECTOR = YES;
				GCC_WARN_UNINITIALIZED_AUTOS = YES_AGGRESSIVE;
				GCC_WARN_UNUSED_FUNCTION = YES;
				GCC_WARN_UNUSED_VARIABLE = YES;
				IPHONEOS_DEPLOYMENT_TARGET = 15.2;
				MTL_ENABLE_DEBUG_INFO = NO;
				MTL_FAST_MATH = YES;
				SDKROOT = iphoneos;
				SWIFT_COMPILATION_MODE = wholemodule;
				SWIFT_OPTIMIZATION_LEVEL = "-O";
				VALIDATE_PRODUCT = YES;
			};
			name = Release;
		};
		F013F4EE2BAC661F00CB3F08 /* Debug */ = {
			isa = XCBuildConfiguration;
			buildSettings = {
				ASSETCATALOG_COMPILER_APPICON_NAME = AppIcon;
				ASSETCATALOG_COMPILER_GLOBAL_ACCENT_COLOR_NAME = AccentColor;
				CODE_SIGN_STYLE = Automatic;
				CURRENT_PROJECT_VERSION = 1;
				DEVELOPMENT_TEAM = 9SNDX9Z6SM;
				GENERATE_INFOPLIST_FILE = YES;
				INFOPLIST_FILE = "DigitalFlake Demo/Info.plist";
				INFOPLIST_KEY_UIApplicationSupportsIndirectInputEvents = YES;
				INFOPLIST_KEY_UILaunchStoryboardName = LaunchScreen;
				INFOPLIST_KEY_UIMainStoryboardFile = Main;
				INFOPLIST_KEY_UISupportedInterfaceOrientations_iPad = "UIInterfaceOrientationPortrait UIInterfaceOrientationPortraitUpsideDown UIInterfaceOrientationLandscapeLeft UIInterfaceOrientationLandscapeRight";
				INFOPLIST_KEY_UISupportedInterfaceOrientations_iPhone = "UIInterfaceOrientationPortrait UIInterfaceOrientationLandscapeLeft UIInterfaceOrientationLandscapeRight";
				LD_RUNPATH_SEARCH_PATHS = (
					"$(inherited)",
					"@executable_path/Frameworks",
				);
				MARKETING_VERSION = 1.0;
				PRODUCT_BUNDLE_IDENTIFIER = "patle.prajyot.DigitalFlake-Demo";
				PRODUCT_NAME = "$(TARGET_NAME)";
				SWIFT_EMIT_LOC_STRINGS = YES;
				SWIFT_VERSION = 5.0;
				TARGETED_DEVICE_FAMILY = "1,2";
			};
			name = Debug;
		};
		F013F4EF2BAC661F00CB3F08 /* Release */ = {
			isa = XCBuildConfiguration;
			buildSettings = {
				ASSETCATALOG_COMPILER_APPICON_NAME = AppIcon;
				ASSETCATALOG_COMPILER_GLOBAL_ACCENT_COLOR_NAME = AccentColor;
				CODE_SIGN_STYLE = Automatic;
				CURRENT_PROJECT_VERSION = 1;
				DEVELOPMENT_TEAM = 9SNDX9Z6SM;
				GENERATE_INFOPLIST_FILE = YES;
				INFOPLIST_FILE = "DigitalFlake Demo/Info.plist";
				INFOPLIST_KEY_UIApplicationSupportsIndirectInputEvents = YES;
				INFOPLIST_KEY_UILaunchStoryboardName = LaunchScreen;
				INFOPLIST_KEY_UIMainStoryboardFile = Main;
				INFOPLIST_KEY_UISupportedInterfaceOrientations_iPad = "UIInterfaceOrientationPortrait UIInterfaceOrientationPortraitUpsideDown UIInterfaceOrientationLandscapeLeft UIInterfaceOrientationLandscapeRight";
				INFOPLIST_KEY_UISupportedInterfaceOrientations_iPhone = "UIInterfaceOrientationPortrait UIInterfaceOrientationLandscapeLeft UIInterfaceOrientationLandscapeRight";
				LD_RUNPATH_SEARCH_PATHS = (
					"$(inherited)",
					"@executable_path/Frameworks",
				);
				MARKETING_VERSION = 1.0;
				PRODUCT_BUNDLE_IDENTIFIER = "patle.prajyot.DigitalFlake-Demo";
				PRODUCT_NAME = "$(TARGET_NAME)";
				SWIFT_EMIT_LOC_STRINGS = YES;
				SWIFT_VERSION = 5.0;
				TARGETED_DEVICE_FAMILY = "1,2";
			};
			name = Release;
		};
/* End XCBuildConfiguration section */

/* Begin XCConfigurationList section */
		F013F4D42BAC660100CB3F08 /* Build configuration list for PBXProject "DigitalFlake Demo" */ = {
			isa = XCConfigurationList;
			buildConfigurations = (
				F013F4EB2BAC661F00CB3F08 /* Debug */,
				F013F4EC2BAC661F00CB3F08 /* Release */,
			);
			defaultConfigurationIsVisible = 0;
			defaultConfigurationName = Release;
		};
		F013F4ED2BAC661F00CB3F08 /* Build configuration list for PBXNativeTarget "DigitalFlake Demo" */ = {
			isa = XCConfigurationList;
			buildConfigurations = (
				F013F4EE2BAC661F00CB3F08 /* Debug */,
				F013F4EF2BAC661F00CB3F08 /* Release */,
			);
			defaultConfigurationIsVisible = 0;
			defaultConfigurationName = Release;
		};
/* End XCConfigurationList section */
	};
	rootObject = F013F4D12BAC660100CB3F08 /* Project object */;
}
